Microsoft Visual Studio Solution File, Format Version 8.00
Project("{8BC9CEB8-8B4A-11D0-8D11-00A0C91BC942}") = "Misc","Misc\Misc.vcproj","{1E0B6A39-DC95-48CB-9061-3679D40AD8C9}"
	ProjectSection(ProjectDependencies) = postProject
		{968793BE-412E-45B0-A801-E54C6307E49E} = {968793BE-412E-45B0-A801-E54C6307E49E}
	EndProjectSection
EndProject
Project("{8BC9CEB8-8B4A-11D0-8D11-00A0C91BC942}") = "System","System\System.vcproj","{2A5F6C9E-08A5-4091-B46C-E65EC7BD94FA}"
	ProjectSection(ProjectDependencies) = postProject
		{1E0B6A39-DC95-48CB-9061-3679D40AD8C9} = {1E0B6A39-DC95-48CB-9061-3679D40AD8C9}
		{EE1243AC-35BC-4293-8599-3F9ACD425039} = {EE1243AC-35BC-4293-8599-3F9ACD425039}
		{968793BE-412E-45B0-A801-E54C6307E49E} = {968793BE-412E-45B0-A801-E54C6307E49E}
	EndProjectSection
EndProject
Project("{8BC9CEB8-8B4A-11D0-8D11-00A0C91BC942}") = "zlib","zlib\zlib.vcproj","{EE1243AC-35BC-4293-8599-3F9ACD425039}"
	ProjectSection(ProjectDependencies) = postProject
		{968793BE-412E-45B0-A801-E54C6307E49E} = {968793BE-412E-45B0-A801-E54C6307E49E}
	EndProjectSection
EndProject
Project("{8BC9CEB8-8B4A-11D0-8D11-00A0C91BC942}") = "MemoryLib","MemoryLib\MemoryLib.vcproj","{968793BE-412E-45B0-A801-E54C6307E49E}"
	ProjectSection(ProjectDependencies) = postProject
	EndProjectSection
EndProject
Project("{8BC9CEB8-8B4A-11D0-8D11-00A0C91BC942}") = "Scintilla","Scintilla\Scintilla.vcproj","{ED51FEA0-53DE-4CED-ACB4-31EB01D36CBA}"
	ProjectSection(ProjectDependencies) = postProject
		{968793BE-412E-45B0-A801-E54C6307E49E} = {968793BE-412E-45B0-A801-E54C6307E49E}
	EndProjectSection
EndProject
Project("{8BC9CEB8-8B4A-11D0-8D11-00A0C91BC942}") = "Net","Net\Net.vcproj","{1E7B7A7A-43EC-485C-8698-26C3363CF99E}"
	ProjectSection(ProjectDependencies) = postProject
		{1E0B6A39-DC95-48CB-9061-3679D40AD8C9} = {1E0B6A39-DC95-48CB-9061-3679D40AD8C9}
		{2A5F6C9E-08A5-4091-B46C-E65EC7BD94FA} = {2A5F6C9E-08A5-4091-B46C-E65EC7BD94FA}
		{968793BE-412E-45B0-A801-E54C6307E49E} = {968793BE-412E-45B0-A801-E54C6307E49E}
	EndProjectSection
EndProject
Project("{8BC9CEB8-8B4A-11D0-8D11-00A0C91BC942}") = "Server","Server\Server.vcproj","{5978995A-3575-427D-B329-B175617BD515}"
	ProjectSection(ProjectDependencies) = postProject
		{1E0B6A39-DC95-48CB-9061-3679D40AD8C9} = {1E0B6A39-DC95-48CB-9061-3679D40AD8C9}
		{1E7B7A7A-43EC-485C-8698-26C3363CF99E} = {1E7B7A7A-43EC-485C-8698-26C3363CF99E}
		{2A5F6C9E-08A5-4091-B46C-E65EC7BD94FA} = {2A5F6C9E-08A5-4091-B46C-E65EC7BD94FA}
		{ED51FEA0-53DE-4CED-ACB4-31EB01D36CBA} = {ED51FEA0-53DE-4CED-ACB4-31EB01D36CBA}
		{EE1243AC-35BC-4293-8599-3F9ACD425039} = {EE1243AC-35BC-4293-8599-3F9ACD425039}
		{968793BE-412E-45B0-A801-E54C6307E49E} = {968793BE-412E-45B0-A801-E54C6307E49E}
		{41056DFD-A6A3-4BC9-9397-DE395784EE03} = {41056DFD-A6A3-4BC9-9397-DE395784EE03}
	EndProjectSection
EndProject
Project("{8BC9CEB8-8B4A-11D0-8D11-00A0C91BC942}") = "TestClient","TestClient\TestClient.vcproj","{F475411A-5152-43A0-9538-3F8B2321B784}"
	ProjectSection(ProjectDependencies) = postProject
		{1E0B6A39-DC95-48CB-9061-3679D40AD8C9} = {1E0B6A39-DC95-48CB-9061-3679D40AD8C9}
		{1E7B7A7A-43EC-485C-8698-26C3363CF99E} = {1E7B7A7A-43EC-485C-8698-26C3363CF99E}
		{AB234A85-0C4A-497C-A9C4-F29AD3AFF5C1} = {AB234A85-0C4A-497C-A9C4-F29AD3AFF5C1}
		{2A5F6C9E-08A5-4091-B46C-E65EC7BD94FA} = {2A5F6C9E-08A5-4091-B46C-E65EC7BD94FA}
		{ED51FEA0-53DE-4CED-ACB4-31EB01D36CBA} = {ED51FEA0-53DE-4CED-ACB4-31EB01D36CBA}
		{EE1243AC-35BC-4293-8599-3F9ACD425039} = {EE1243AC-35BC-4293-8599-3F9ACD425039}
		{968793BE-412E-45B0-A801-E54C6307E49E} = {968793BE-412E-45B0-A801-E54C6307E49E}
		{41056DFD-A6A3-4BC9-9397-DE395784EE03} = {41056DFD-A6A3-4BC9-9397-DE395784EE03}
	EndProjectSection
EndProject
Project("{8BC9CEB8-8B4A-11D0-8D11-00A0C91BC942}") = "Client","Client\Client.vcproj","{AB234A85-0C4A-497C-A9C4-F29AD3AFF5C1}"
	ProjectSection(ProjectDependencies) = postProject
		{1E0B6A39-DC95-48CB-9061-3679D40AD8C9} = {1E0B6A39-DC95-48CB-9061-3679D40AD8C9}
		{1E7B7A7A-43EC-485C-8698-26C3363CF99E} = {1E7B7A7A-43EC-485C-8698-26C3363CF99E}
		{2A5F6C9E-08A5-4091-B46C-E65EC7BD94FA} = {2A5F6C9E-08A5-4091-B46C-E65EC7BD94FA}
		{968793BE-412E-45B0-A801-E54C6307E49E} = {968793BE-412E-45B0-A801-E54C6307E49E}
		{41056DFD-A6A3-4BC9-9397-DE395784EE03} = {41056DFD-A6A3-4BC9-9397-DE395784EE03}
	EndProjectSection
EndProject
Project("{8BC9CEB8-8B4A-11D0-8D11-00A0C91BC942}") = "Server_Client_Common","Server_Client_Common\Server_Client_Common.vcproj","{41056DFD-A6A3-4BC9-9397-DE395784EE03}"
	ProjectSection(ProjectDependencies) = postProject
		{1E0B6A39-DC95-48CB-9061-3679D40AD8C9} = {1E0B6A39-DC95-48CB-9061-3679D40AD8C9}
		{1E7B7A7A-43EC-485C-8698-26C3363CF99E} = {1E7B7A7A-43EC-485C-8698-26C3363CF99E}
		{2A5F6C9E-08A5-4091-B46C-E65EC7BD94FA} = {2A5F6C9E-08A5-4091-B46C-E65EC7BD94FA}
		{EE1243AC-35BC-4293-8599-3F9ACD425039} = {EE1243AC-35BC-4293-8599-3F9ACD425039}
		{968793BE-412E-45B0-A801-E54C6307E49E} = {968793BE-412E-45B0-A801-E54C6307E49E}
	EndProjectSection
EndProject
Global = 
	GlobalSection(SolutionConfiguration) = preSolution
		Debug = Debug
		FastDebug = FastDebug
		BetaRelease = BetaRelease
		Release = Release
	EndGlobalSection
	GlobalSection(ProjectConfiguration) = postSolution
		{1E0B6A39-DC95-48CB-9061-3679D40AD8C9}.Debug.ActiveCfg = Debug|Win32
		{1E0B6A39-DC95-48CB-9061-3679D40AD8C9}.Debug.Build.0 = Debug|Win32
		{1E0B6A39-DC95-48CB-9061-3679D40AD8C9}.FastDebug.ActiveCfg = FastDebug|Win32
		{1E0B6A39-DC95-48CB-9061-3679D40AD8C9}.FastDebug.Build.0 = FastDebug|Win32
		{1E0B6A39-DC95-48CB-9061-3679D40AD8C9}.BetaRelease.ActiveCfg = BetaRelease|Win32
		{1E0B6A39-DC95-48CB-9061-3679D40AD8C9}.BetaRelease.Build.0 = BetaRelease|Win32
		{1E0B6A39-DC95-48CB-9061-3679D40AD8C9}.Release.ActiveCfg = Release|Win32
		{1E0B6A39-DC95-48CB-9061-3679D40AD8C9}.Release.Build.0 = Release|Win32
		{1E7B7A7A-43EC-485C-8698-26C3363CF99E}.Debug.ActiveCfg = Debug|Win32
		{1E7B7A7A-43EC-485C-8698-26C3363CF99E}.Debug.Build.0 = Debug|Win32
		{1E7B7A7A-43EC-485C-8698-26C3363CF99E}.FastDebug.ActiveCfg = FastDebug|Win32
		{1E7B7A7A-43EC-485C-8698-26C3363CF99E}.FastDebug.Build.0 = FastDebug|Win32
		{1E7B7A7A-43EC-485C-8698-26C3363CF99E}.BetaRelease.ActiveCfg = BetaRelease|Win32
		{1E7B7A7A-43EC-485C-8698-26C3363CF99E}.BetaRelease.Build.0 = BetaRelease|Win32
		{1E7B7A7A-43EC-485C-8698-26C3363CF99E}.Release.ActiveCfg = Release|Win32
		{1E7B7A7A-43EC-485C-8698-26C3363CF99E}.Release.Build.0 = Release|Win32
		{2A5F6C9E-08A5-4091-B46C-E65EC7BD94FA}.Debug.ActiveCfg = Debug|Win32
		{2A5F6C9E-08A5-4091-B46C-E65EC7BD94FA}.Debug.Build.0 = Debug|Win32
		{2A5F6C9E-08A5-4091-B46C-E65EC7BD94FA}.FastDebug.ActiveCfg = FastDebug|Win32
		{2A5F6C9E-08A5-4091-B46C-E65EC7BD94FA}.FastDebug.Build.0 = FastDebug|Win32
		{2A5F6C9E-08A5-4091-B46C-E65EC7BD94FA}.BetaRelease.ActiveCfg = BetaRelease|Win32
		{2A5F6C9E-08A5-4091-B46C-E65EC7BD94FA}.BetaRelease.Build.0 = BetaRelease|Win32
		{2A5F6C9E-08A5-4091-B46C-E65EC7BD94FA}.Release.ActiveCfg = Release|Win32
		{2A5F6C9E-08A5-4091-B46C-E65EC7BD94FA}.Release.Build.0 = Release|Win32
		{41056DFD-A6A3-4BC9-9397-DE395784EE03}.Debug.ActiveCfg = Debug|Win32
		{41056DFD-A6A3-4BC9-9397-DE395784EE03}.Debug.Build.0 = Debug|Win32
		{41056DFD-A6A3-4BC9-9397-DE395784EE03}.FastDebug.ActiveCfg = FastDebug|Win32
		{41056DFD-A6A3-4BC9-9397-DE395784EE03}.FastDebug.Build.0 = FastDebug|Win32
		{41056DFD-A6A3-4BC9-9397-DE395784EE03}.BetaRelease.ActiveCfg = BetaRelease|Win32
		{41056DFD-A6A3-4BC9-9397-DE395784EE03}.BetaRelease.Build.0 = BetaRelease|Win32
		{41056DFD-A6A3-4BC9-9397-DE395784EE03}.Release.ActiveCfg = Release|Win32
		{41056DFD-A6A3-4BC9-9397-DE395784EE03}.Release.Build.0 = Release|Win32
		{5978995A-3575-427D-B329-B175617BD515}.Debug.ActiveCfg = Debug|Win32
		{5978995A-3575-427D-B329-B175617BD515}.Debug.Build.0 = Debug|Win32
		{5978995A-3575-427D-B329-B175617BD515}.FastDebug.ActiveCfg = FastDebug|Win32
		{5978995A-3575-427D-B329-B175617BD515}.FastDebug.Build.0 = FastDebug|Win32
		{5978995A-3575-427D-B329-B175617BD515}.BetaRelease.ActiveCfg = BetaRelease|Win32
		{5978995A-3575-427D-B329-B175617BD515}.BetaRelease.Build.0 = BetaRelease|Win32
		{5978995A-3575-427D-B329-B175617BD515}.Release.ActiveCfg = Release|Win32
		{5978995A-3575-427D-B329-B175617BD515}.Release.Build.0 = Release|Win32
		{968793BE-412E-45B0-A801-E54C6307E49E}.Debug.ActiveCfg = Debug|Win32
		{968793BE-412E-45B0-A801-E54C6307E49E}.Debug.Build.0 = Debug|Win32
		{968793BE-412E-45B0-A801-E54C6307E49E}.FastDebug.ActiveCfg = FastDebug|Win32
		{968793BE-412E-45B0-A801-E54C6307E49E}.FastDebug.Build.0 = FastDebug|Win32
		{968793BE-412E-45B0-A801-E54C6307E49E}.BetaRelease.ActiveCfg = BetaRelease|Win32
		{968793BE-412E-45B0-A801-E54C6307E49E}.BetaRelease.Build.0 = BetaRelease|Win32
		{968793BE-412E-45B0-A801-E54C6307E49E}.Release.ActiveCfg = Release|Win32
		{968793BE-412E-45B0-A801-E54C6307E49E}.Release.Build.0 = Release|Win32
		{AB234A85-0C4A-497C-A9C4-F29AD3AFF5C1}.Debug.ActiveCfg = Debug|Win32
		{AB234A85-0C4A-497C-A9C4-F29AD3AFF5C1}.Debug.Build.0 = Debug|Win32
		{AB234A85-0C4A-497C-A9C4-F29AD3AFF5C1}.FastDebug.ActiveCfg = FastDebug|Win32
		{AB234A85-0C4A-497C-A9C4-F29AD3AFF5C1}.FastDebug.Build.0 = FastDebug|Win32
		{AB234A85-0C4A-497C-A9C4-F29AD3AFF5C1}.BetaRelease.ActiveCfg = BetaRelease|Win32
		{AB234A85-0C4A-497C-A9C4-F29AD3AFF5C1}.BetaRelease.Build.0 = BetaRelease|Win32
		{AB234A85-0C4A-497C-A9C4-F29AD3AFF5C1}.Release.ActiveCfg = Release|Win32
		{AB234A85-0C4A-497C-A9C4-F29AD3AFF5C1}.Release.Build.0 = Release|Win32
		{ED51FEA0-53DE-4CED-ACB4-31EB01D36CBA}.Debug.ActiveCfg = Debug|Win32
		{ED51FEA0-53DE-4CED-ACB4-31EB01D36CBA}.Debug.Build.0 = Debug|Win32
		{ED51FEA0-53DE-4CED-ACB4-31EB01D36CBA}.FastDebug.ActiveCfg = FastDebug|Win32
		{ED51FEA0-53DE-4CED-ACB4-31EB01D36CBA}.FastDebug.Build.0 = FastDebug|Win32
		{ED51FEA0-53DE-4CED-ACB4-31EB01D36CBA}.BetaRelease.ActiveCfg = BetaRelease|Win32
		{ED51FEA0-53DE-4CED-ACB4-31EB01D36CBA}.BetaRelease.Build.0 = BetaRelease|Win32
		{ED51FEA0-53DE-4CED-ACB4-31EB01D36CBA}.Release.ActiveCfg = Release|Win32
		{ED51FEA0-53DE-4CED-ACB4-31EB01D36CBA}.Release.Build.0 = Release|Win32
		{EE1243AC-35BC-4293-8599-3F9ACD425039}.Debug.ActiveCfg = Debug|Win32
		{EE1243AC-35BC-4293-8599-3F9ACD425039}.Debug.Build.0 = Debug|Win32
		{EE1243AC-35BC-4293-8599-3F9ACD425039}.FastDebug.ActiveCfg = FastDebug|Win32
		{EE1243AC-35BC-4293-8599-3F9ACD425039}.FastDebug.Build.0 = FastDebug|Win32
		{EE1243AC-35BC-4293-8599-3F9ACD425039}.BetaRelease.ActiveCfg = BetaRelease|Win32
		{EE1243AC-35BC-4293-8599-3F9ACD425039}.BetaRelease.Build.0 = BetaRelease|Win32
		{EE1243AC-35BC-4293-8599-3F9ACD425039}.Release.ActiveCfg = Release|Win32
		{EE1243AC-35BC-4293-8599-3F9ACD425039}.Release.Build.0 = Release|Win32
		{F475411A-5152-43A0-9538-3F8B2321B784}.Debug.ActiveCfg = Debug|Win32
		{F475411A-5152-43A0-9538-3F8B2321B784}.Debug.Build.0 = Debug|Win32
		{F475411A-5152-43A0-9538-3F8B2321B784}.FastDebug.ActiveCfg = FastDebug|Win32
		{F475411A-5152-43A0-9538-3F8B2321B784}.FastDebug.Build.0 = FastDebug|Win32
		{F475411A-5152-43A0-9538-3F8B2321B784}.BetaRelease.ActiveCfg = BetaRelease|Win32
		{F475411A-5152-43A0-9538-3F8B2321B784}.BetaRelease.Build.0 = BetaRelease|Win32
		{F475411A-5152-43A0-9538-3F8B2321B784}.Release.ActiveCfg = Release|Win32
		{F475411A-5152-43A0-9538-3F8B2321B784}.Release.Build.0 = Release|Win32
	EndGlobalSection
	GlobalSection(ExtensibilityGlobals) = postSolution
	EndGlobalSection
	GlobalSection(ExtensibilityAddIns) = postSolution
	EndGlobalSection
EndGlobal
